
Microsoft Visual Studio Solution File, Format Version 12.00
# Visual Studio Version 17
VisualStudioVersion = 17.6.33815.320
MinimumVisualStudioVersion = 10.0.40219.1
Project("{9A19103F-16F7-4668-BE54-9A1E7A4F7556}") = "HularionCore", "HularionCore\HularionCore.csproj", "{4985DF78-4482-43F6-8AA9-BB477AA1A367}"
EndProject
Global
	GlobalSection(SolutionConfigurationPlatforms) = preSolution
		Debug|Any CPU = Debug|Any CPU
		Release|Any CPU = Release|Any CPU
	EndGlobalSection
	GlobalSection(ProjectConfigurationPlatforms) = postSolution
		{4985DF78-4482-43F6-8AA9-BB477AA1A367}.Debug|Any CPU.ActiveCfg = Debug|Any CPU
		{4985DF78-4482-43F6-8AA9-BB477AA1A367}.Debug|Any CPU.Build.0 = Debug|Any CPU
		{4985DF78-4482-43F6-8AA9-BB477AA1A367}.Release|Any CPU.ActiveCfg = Release|Any CPU
		{4985DF78-4482-43F6-8AA9-BB477AA1A367}.Release|Any CPU.Build.0 = Release|Any CPU
	EndGlobalSection
	GlobalSection(SolutionProperties) = preSolution
		HideSolutionNode = FALSE
	EndGlobalSection
	GlobalSection(ExtensibilityGlobals) = postSolution
		SolutionGuid = {E188102A-A249-4D00-BD28-C9927DF7634F}
	EndGlobalSection
EndGlobal
